
Microsoft Visual Studio Solution File, Format Version 12.00
# Visual Studio 14
VisualStudioVersion = 14.0.25420.1
MinimumVisualStudioVersion = 10.0.40219.1
Project("{FAE04EC0-301F-11D3-BF4B-00C04F79EFBC}") = "Loggy", "Loggy\Loggy.csproj", "{9ADD9DFE-05CE-4C75-8E75-2F20F33EAE9A}"
EndProject
Project("{FAE04EC0-301F-11D3-BF4B-00C04F79EFBC}") = "LoggyTestUnit", "LoggyTestUnit\LoggyTestUnit.csproj", "{A61B2A72-9A81-4D32-AF86-3B998267B121}"
EndProject
Global
	GlobalSection(SolutionConfigurationPlatforms) = preSolution
		Debug|Any CPU = Debug|Any CPU
		Fody|Any CPU = Fody|Any CPU
		Release|Any CPU = Release|Any CPU
	EndGlobalSection
	GlobalSection(ProjectConfigurationPlatforms) = postSolution
		{9ADD9DFE-05CE-4C75-8E75-2F20F33EAE9A}.Debug|Any CPU.ActiveCfg = Debug|Any CPU
		{9ADD9DFE-05CE-4C75-8E75-2F20F33EAE9A}.Debug|Any CPU.Build.0 = Debug|Any CPU
		{9ADD9DFE-05CE-4C75-8E75-2F20F33EAE9A}.Fody|Any CPU.ActiveCfg = Release|Any CPU
		{9ADD9DFE-05CE-4C75-8E75-2F20F33EAE9A}.Fody|Any CPU.Build.0 = Release|Any CPU
		{9ADD9DFE-05CE-4C75-8E75-2F20F33EAE9A}.Release|Any CPU.ActiveCfg = Release|Any CPU
		{9ADD9DFE-05CE-4C75-8E75-2F20F33EAE9A}.Release|Any CPU.Build.0 = Release|Any CPU
		{A61B2A72-9A81-4D32-AF86-3B998267B121}.Debug|Any CPU.ActiveCfg = Debug|Any CPU
		{A61B2A72-9A81-4D32-AF86-3B998267B121}.Debug|Any CPU.Build.0 = Debug|Any CPU
		{A61B2A72-9A81-4D32-AF86-3B998267B121}.Fody|Any CPU.ActiveCfg = Release|Any CPU
		{A61B2A72-9A81-4D32-AF86-3B998267B121}.Fody|Any CPU.Build.0 = Release|Any CPU
		{A61B2A72-9A81-4D32-AF86-3B998267B121}.Release|Any CPU.ActiveCfg = Release|Any CPU
		{A61B2A72-9A81-4D32-AF86-3B998267B121}.Release|Any CPU.Build.0 = Release|Any CPU
	EndGlobalSection
	GlobalSection(SolutionProperties) = preSolution
		HideSolutionNode = FALSE
	EndGlobalSection
EndGlobal
